
Microsoft Visual Studio Solution File, Format Version 12.00
# Visual Studio Version 17
VisualStudioVersion = 17.14.36310.24
MinimumVisualStudioVersion = 10.0.40219.1
Project("{FAE04EC0-301F-11D3-BF4B-00C04F79EFBC}") = "WebAPI", "WebAPI\WebAPI.csproj", "{0A47E17A-7014-44D0-A38F-24928DADC38E}"
EndProject
Project("{FAE04EC0-301F-11D3-BF4B-00C04F79EFBC}") = "Domain", "Domain\Domain.csproj", "{40453E03-27C1-40F1-A0E3-E7BF89F3A8B1}"
EndProject
Project("{FAE04EC0-301F-11D3-BF4B-00C04F79EFBC}") = "Application", "Application\Application.csproj", "{D98456E8-C898-43D5-B58C-998F7DDC8B9C}"
EndProject
Project("{FAE04EC0-301F-11D3-BF4B-00C04F79EFBC}") = "Infrastructure", "Infrastructure\Infrastructure.csproj", "{EF0B3F11-B5B3-4AC2-B4C2-A7B5FA550733}"
EndProject
Project("{FAE04EC0-301F-11D3-BF4B-00C04F79EFBC}") = "EFMigrations", "EFMigrations\EFMigrations.csproj", "{7FEDD787-AD08-4E64-AF35-5182E7946CCA}"
EndProject
Global
	GlobalSection(SolutionConfigurationPlatforms) = preSolution
		Debug|Any CPU = Debug|Any CPU
		Release|Any CPU = Release|Any CPU
	EndGlobalSection
	GlobalSection(ProjectConfigurationPlatforms) = postSolution
		{0A47E17A-7014-44D0-A38F-24928DADC38E}.Debug|Any CPU.ActiveCfg = Debug|Any CPU
		{0A47E17A-7014-44D0-A38F-24928DADC38E}.Debug|Any CPU.Build.0 = Debug|Any CPU
		{0A47E17A-7014-44D0-A38F-24928DADC38E}.Release|Any CPU.ActiveCfg = Release|Any CPU
		{0A47E17A-7014-44D0-A38F-24928DADC38E}.Release|Any CPU.Build.0 = Release|Any CPU
		{40453E03-27C1-40F1-A0E3-E7BF89F3A8B1}.Debug|Any CPU.ActiveCfg = Debug|Any CPU
		{40453E03-27C1-40F1-A0E3-E7BF89F3A8B1}.Debug|Any CPU.Build.0 = Debug|Any CPU
		{40453E03-27C1-40F1-A0E3-E7BF89F3A8B1}.Release|Any CPU.ActiveCfg = Release|Any CPU
		{40453E03-27C1-40F1-A0E3-E7BF89F3A8B1}.Release|Any CPU.Build.0 = Release|Any CPU
		{D98456E8-C898-43D5-B58C-998F7DDC8B9C}.Debug|Any CPU.ActiveCfg = Debug|Any CPU
		{D98456E8-C898-43D5-B58C-998F7DDC8B9C}.Debug|Any CPU.Build.0 = Debug|Any CPU
		{D98456E8-C898-43D5-B58C-998F7DDC8B9C}.Release|Any CPU.ActiveCfg = Release|Any CPU
		{D98456E8-C898-43D5-B58C-998F7DDC8B9C}.Release|Any CPU.Build.0 = Release|Any CPU
		{EF0B3F11-B5B3-4AC2-B4C2-A7B5FA550733}.Debug|Any CPU.ActiveCfg = Debug|Any CPU
		{EF0B3F11-B5B3-4AC2-B4C2-A7B5FA550733}.Debug|Any CPU.Build.0 = Debug|Any CPU
		{EF0B3F11-B5B3-4AC2-B4C2-A7B5FA550733}.Release|Any CPU.ActiveCfg = Release|Any CPU
		{EF0B3F11-B5B3-4AC2-B4C2-A7B5FA550733}.Release|Any CPU.Build.0 = Release|Any CPU
		{7FEDD787-AD08-4E64-AF35-5182E7946CCA}.Debug|Any CPU.ActiveCfg = Debug|Any CPU
		{7FEDD787-AD08-4E64-AF35-5182E7946CCA}.Release|Any CPU.ActiveCfg = Release|Any CPU
		{7FEDD787-AD08-4E64-AF35-5182E7946CCA}.Release|Any CPU.Build.0 = Release|Any CPU
	EndGlobalSection
	GlobalSection(SolutionProperties) = preSolution
		HideSolutionNode = FALSE
	EndGlobalSection
	GlobalSection(ExtensibilityGlobals) = postSolution
		SolutionGuid = {CC994FEE-66C0-40DB-B419-962868D179C2}
	EndGlobalSection
EndGlobal
